
Microsoft Visual Studio Solution File, Format Version 12.00
# Visual Studio Version 16
VisualStudioVersion = 16.0.30907.101
MinimumVisualStudioVersion = 10.0.40219.1
Project("{9A19103F-16F7-4668-BE54-9A1E7A4F7556}") = "Projet AdoNet", "Projet AdoNet.csproj", "{601631A3-BE2F-49C1-95FB-9502D551E837}"
EndProject
Project("{2150E333-8FDC-42A3-9474-1A3956D46DE8}") = "Essentielle", "Essentielle", "{2178E2C9-9605-4067-B8FA-7B076D2AFB9B}"
	ProjectSection(SolutionItems) = preProject
		C:\Users\cessn\Desktop\BDD ADONet.sql = C:\Users\cessn\Desktop\BDD ADONet.sql
	EndProjectSection
EndProject
Global
	GlobalSection(SolutionConfigurationPlatforms) = preSolution
		Debug|Any CPU = Debug|Any CPU
		Release|Any CPU = Release|Any CPU
	EndGlobalSection
	GlobalSection(ProjectConfigurationPlatforms) = postSolution
		{601631A3-BE2F-49C1-95FB-9502D551E837}.Debug|Any CPU.ActiveCfg = Debug|Any CPU
		{601631A3-BE2F-49C1-95FB-9502D551E837}.Debug|Any CPU.Build.0 = Debug|Any CPU
		{601631A3-BE2F-49C1-95FB-9502D551E837}.Release|Any CPU.ActiveCfg = Release|Any CPU
		{601631A3-BE2F-49C1-95FB-9502D551E837}.Release|Any CPU.Build.0 = Release|Any CPU
	EndGlobalSection
	GlobalSection(SolutionProperties) = preSolution
		HideSolutionNode = FALSE
	EndGlobalSection
	GlobalSection(ExtensibilityGlobals) = postSolution
		SolutionGuid = {9CC7084A-F88F-4570-9745-FC97EBE26FB4}
	EndGlobalSection
EndGlobal
